{
    "_meta": {
        "hash": {
            "sha256": "9f6a5e6a4df4a6535c527508da836cf52fffc28d33d9ecef0a5d292b36f885dd"
        },
        "pipfile-spec": 6,
        "requires": {
            "python_version": "3.7.8"
        },
        "sources": [
            {
                "name": "pypi",
                "url": "https://pypi.org/simple",
                "verify_ssl": true
            }
        ]
    },
    "default": {
        "django": {
            "hashes": [
                "sha256:48522428f4a285cf265af969f4744c5ebb027c7f41958ba48b639ace2068ffe7",
                "sha256:a794f7a2f4b7c928eecfbc4ebad03712ff27fb545abe269bf01aa8500781eb1c"
            ],
            "index": "pypi",
            "version": "==2.1.15"
        },
        "django-crispy-forms": {
            "hashes": [
                "sha256:92ed3fdc52c08d21d60adbb9de24e432c590e66e894f43cee0974fc959209976",
                "sha256:d3f808d20cafe20fd38a49a47e72db1fd519fcf31bef4f47f008619336a3ebff"
            ],
            "index": "pypi",
            "version": "==1.10.0"
        },
        "pytz": {
            "hashes": [
                "sha256:3e6b7dd2d1e0a59084bcee14a17af60c5c562cdc16d828e8eba2e683d3a7e268",
                "sha256:5c55e189b682d420be27c6995ba6edce0c0a77dd67bfbe2ae6607134d5851ffd"
            ],
            "version": "==2020.4"
        }
    },
    "develop": {}
}
